
Microsoft Visual Studio Solution File, Format Version 12.00
# Visual Studio Version 16
VisualStudioVersion = 16.0.35425.106
MinimumVisualStudioVersion = 10.0.40219.1
Project("{FAE04EC0-301F-11D3-BF4B-00C04F79EFBC}") = "barberiaEstetica.API", "barberiaEstetica.API\barberiaEstetica.API.csproj", "{325041C3-CD18-4F0D-BA48-1CF506B24049}"
EndProject
Global
	GlobalSection(SolutionConfigurationPlatforms) = preSolution
		Debug|Any CPU = Debug|Any CPU
		Release|Any CPU = Release|Any CPU
	EndGlobalSection
	GlobalSection(ProjectConfigurationPlatforms) = postSolution
		{325041C3-CD18-4F0D-BA48-1CF506B24049}.Debug|Any CPU.ActiveCfg = Debug|Any CPU
		{325041C3-CD18-4F0D-BA48-1CF506B24049}.Debug|Any CPU.Build.0 = Debug|Any CPU
		{325041C3-CD18-4F0D-BA48-1CF506B24049}.Release|Any CPU.ActiveCfg = Release|Any CPU
		{325041C3-CD18-4F0D-BA48-1CF506B24049}.Release|Any CPU.Build.0 = Release|Any CPU
	EndGlobalSection
	GlobalSection(SolutionProperties) = preSolution
		HideSolutionNode = FALSE
	EndGlobalSection
	GlobalSection(ExtensibilityGlobals) = postSolution
		SolutionGuid = {997E7EE7-6648-4074-AA1E-544548831388}
	EndGlobalSection
EndGlobal
